
Microsoft Visual Studio Solution File, Format Version 12.00
# Visual Studio Version 16
VisualStudioVersion = 16.0.30517.126
MinimumVisualStudioVersion = 10.0.40219.1
Project("{9A19103F-16F7-4668-BE54-9A1E7A4F7556}") = "AgentPayment", "AgentPayment\AgentPayment.csproj", "{3620CB3F-315C-4F3C-BAB6-27B9CA0B3421}"
EndProject
Global
	GlobalSection(SolutionConfigurationPlatforms) = preSolution
		Debug|Any CPU = Debug|Any CPU
		Release|Any CPU = Release|Any CPU
	EndGlobalSection
	GlobalSection(ProjectConfigurationPlatforms) = postSolution
		{3620CB3F-315C-4F3C-BAB6-27B9CA0B3421}.Debug|Any CPU.ActiveCfg = Debug|Any CPU
		{3620CB3F-315C-4F3C-BAB6-27B9CA0B3421}.Debug|Any CPU.Build.0 = Debug|Any CPU
		{3620CB3F-315C-4F3C-BAB6-27B9CA0B3421}.Release|Any CPU.ActiveCfg = Release|Any CPU
		{3620CB3F-315C-4F3C-BAB6-27B9CA0B3421}.Release|Any CPU.Build.0 = Release|Any CPU
	EndGlobalSection
	GlobalSection(SolutionProperties) = preSolution
		HideSolutionNode = FALSE
	EndGlobalSection
	GlobalSection(ExtensibilityGlobals) = postSolution
		SolutionGuid = {CF5476D0-CE8F-4577-81B4-FBA1A31C568E}
	EndGlobalSection
EndGlobal
